
Microsoft Visual Studio Solution File, Format Version 12.00
# Visual Studio Version 17
VisualStudioVersion = 17.11.35327.3
MinimumVisualStudioVersion = 10.0.40219.1
Project("{FAE04EC0-301F-11D3-BF4B-00C04F79EFBC}") = "APIQLKho", "APIQLKho\APIQLKho.csproj", "{597C2CCA-ABDE-489C-A4F8-9171A5AC818B}"
EndProject
Global
	GlobalSection(SolutionConfigurationPlatforms) = preSolution
		Debug|Any CPU = Debug|Any CPU
		Release|Any CPU = Release|Any CPU
	EndGlobalSection
	GlobalSection(ProjectConfigurationPlatforms) = postSolution
		{597C2CCA-ABDE-489C-A4F8-9171A5AC818B}.Debug|Any CPU.ActiveCfg = Debug|Any CPU
		{597C2CCA-ABDE-489C-A4F8-9171A5AC818B}.Debug|Any CPU.Build.0 = Debug|Any CPU
		{597C2CCA-ABDE-489C-A4F8-9171A5AC818B}.Release|Any CPU.ActiveCfg = Release|Any CPU
		{597C2CCA-ABDE-489C-A4F8-9171A5AC818B}.Release|Any CPU.Build.0 = Release|Any CPU
	EndGlobalSection
	GlobalSection(SolutionProperties) = preSolution
		HideSolutionNode = FALSE
	EndGlobalSection
	GlobalSection(ExtensibilityGlobals) = postSolution
		SolutionGuid = {3F062E3E-5151-49F4-9506-65A808B614F4}
	EndGlobalSection
EndGlobal
